
Microsoft Visual Studio Solution File, Format Version 12.00
# Visual Studio Version 16
VisualStudioVersion = 16.0.29613.14
MinimumVisualStudioVersion = 10.0.40219.1
Project("{FAE04EC0-301F-11D3-BF4B-00C04F79EFBC}") = "piramide", "piramide\piramide.csproj", "{7F562669-B5F0-4067-AD0C-3975DEFFD82A}"
EndProject
Global
	GlobalSection(SolutionConfigurationPlatforms) = preSolution
		Debug|Any CPU = Debug|Any CPU
		Release|Any CPU = Release|Any CPU
	EndGlobalSection
	GlobalSection(ProjectConfigurationPlatforms) = postSolution
		{7F562669-B5F0-4067-AD0C-3975DEFFD82A}.Debug|Any CPU.ActiveCfg = Debug|Any CPU
		{7F562669-B5F0-4067-AD0C-3975DEFFD82A}.Debug|Any CPU.Build.0 = Debug|Any CPU
		{7F562669-B5F0-4067-AD0C-3975DEFFD82A}.Release|Any CPU.ActiveCfg = Release|Any CPU
		{7F562669-B5F0-4067-AD0C-3975DEFFD82A}.Release|Any CPU.Build.0 = Release|Any CPU
	EndGlobalSection
	GlobalSection(SolutionProperties) = preSolution
		HideSolutionNode = FALSE
	EndGlobalSection
	GlobalSection(ExtensibilityGlobals) = postSolution
		SolutionGuid = {32B0F21D-F628-401F-A91F-6B846618C7B1}
	EndGlobalSection
EndGlobal
